// !$*UTF8*$!
{
	archiveVersion = 1;
	classes = {
	};
	objectVersion = 46;
	objects = {

/* Begin PBXBuildFile section */
		D128407A1CBE44ED003E41D4 /* iOSCacheEntry.m in Sources */ = {isa = PBXBuildFile; fileRef = D12840721CBE44ED003E41D4 /* iOSCacheEntry.m */; };
		D128407B1CBE44ED003E41D4 /* iOSCacher.m in Sources */ = {isa = PBXBuildFile; fileRef = D12840751CBE44ED003E41D4 /* iOSCacher.m */; };
		D128407C1CBE44ED003E41D4 /* iOSEntryCoding.m in Sources */ = {isa = PBXBuildFile; fileRef = D12840771CBE44ED003E41D4 /* iOSEntryCoding.m */; };
		D128407D1CBE44ED003E41D4 /* iOSEntryObject.m in Sources */ = {isa = PBXBuildFile; fileRef = D12840791CBE44ED003E41D4 /* iOSEntryObject.m */; };
		D144F7891CBE46CD00C230C8 /* iOSCacher.h in Headers */ = {isa = PBXBuildFile; fileRef = D12840741CBE44ED003E41D4 /* iOSCacher.h */; settings = {ATTRIBUTES = (Public, ); }; };
/* End PBXBuildFile section */

/* Begin PBXCopyFilesBuildPhase section */
		D12840571CBE4493003E41D4 /* CopyFiles */ = {
			isa = PBXCopyFilesBuildPhase;
			buildActionMask = 2147483647;
			dstPath = "include/$(PRODUCT_NAME)";
			dstSubfolderSpec = 16;
			files = (
			);
			runOnlyForDeploymentPostprocessing = 0;
		};
/* End PBXCopyFilesBuildPhase section */

/* Begin PBXFileReference section */
		D12840591CBE4493003E41D4 /* libcacher.a */ = {isa = PBXFileReference; explicitFileType = archive.ar; includeInIndex = 0; path = libcacher.a; sourceTree = BUILT_PRODUCTS_DIR; };
		D12840711CBE44ED003E41D4 /* iOSCacheEntry.h */ = {isa = PBXFileReference; fileEncoding = 4; lastKnownFileType = sourcecode.c.h; path = iOSCacheEntry.h; sourceTree = "<group>"; };
		D12840721CBE44ED003E41D4 /* iOSCacheEntry.m */ = {isa = PBXFileReference; fileEncoding = 4; lastKnownFileType = sourcecode.c.objc; path = iOSCacheEntry.m; sourceTree = "<group>"; };
		D12840741CBE44ED003E41D4 /* iOSCacher.h */ = {isa = PBXFileReference; fileEncoding = 4; lastKnownFileType = sourcecode.c.h; path = iOSCacher.h; sourceTree = "<group>"; };
		D12840751CBE44ED003E41D4 /* iOSCacher.m */ = {isa = PBXFileReference; fileEncoding = 4; lastKnownFileType = sourcecode.c.objc; path = iOSCacher.m; sourceTree = "<group>"; };
		D12840761CBE44ED003E41D4 /* iOSEntryCoding.h */ = {isa = PBXFileReference; fileEncoding = 4; lastKnownFileType = sourcecode.c.h; path = iOSEntryCoding.h; sourceTree = "<group>"; };
		D12840771CBE44ED003E41D4 /* iOSEntryCoding.m */ = {isa = PBXFileReference; fileEncoding = 4; lastKnownFileType = sourcecode.c.objc; path = iOSEntryCoding.m; sourceTree = "<group>"; };
		D12840781CBE44ED003E41D4 /* iOSEntryObject.h */ = {isa = PBXFileReference; fileEncoding = 4; lastKnownFileType = sourcecode.c.h; path = iOSEntryObject.h; sourceTree = "<group>"; };
		D12840791CBE44ED003E41D4 /* iOSEntryObject.m */ = {isa = PBXFileReference; fileEncoding = 4; lastKnownFileType = sourcecode.c.objc; path = iOSEntryObject.m; sourceTree = "<group>"; };
/* End PBXFileReference section */

/* Begin PBXFrameworksBuildPhase section */
		D12840561CBE4493003E41D4 /* Frameworks */ = {
			isa = PBXFrameworksBuildPhase;
			buildActionMask = 2147483647;
			files = (
			);
			runOnlyForDeploymentPostprocessing = 0;
		};
/* End PBXFrameworksBuildPhase section */

/* Begin PBXGroup section */
		D12840501CBE4493003E41D4 = {
			isa = PBXGroup;
			children = (
				D128405B1CBE4493003E41D4 /* cacher */,
				D128405A1CBE4493003E41D4 /* Products */,
			);
			sourceTree = "<group>";
		};
		D128405A1CBE4493003E41D4 /* Products */ = {
			isa = PBXGroup;
			children = (
				D12840591CBE4493003E41D4 /* libcacher.a */,
			);
			name = Products;
			sourceTree = "<group>";
		};
		D128405B1CBE4493003E41D4 /* cacher */ = {
			isa = PBXGroup;
			children = (
				D12840711CBE44ED003E41D4 /* iOSCacheEntry.h */,
				D12840721CBE44ED003E41D4 /* iOSCacheEntry.m */,
				D12840741CBE44ED003E41D4 /* iOSCacher.h */,
				D12840751CBE44ED003E41D4 /* iOSCacher.m */,
				D12840761CBE44ED003E41D4 /* iOSEntryCoding.h */,
				D12840771CBE44ED003E41D4 /* iOSEntryCoding.m */,
				D12840781CBE44ED003E41D4 /* iOSEntryObject.h */,
				D12840791CBE44ED003E41D4 /* iOSEntryObject.m */,
			);
			path = cacher;
			sourceTree = "<group>";
		};
/* End PBXGroup section */

/* Begin PBXHeadersBuildPhase section */
		D128407E1CBE45BF003E41D4 /* Headers */ = {
			isa = PBXHeadersBuildPhase;
			buildActionMask = 2147483647;
			files = (
				D144F7891CBE46CD00C230C8 /* iOSCacher.h in Headers */,
			);
			runOnlyForDeploymentPostprocessing = 0;
		};
/* End PBXHeadersBuildPhase section */

/* Begin PBXNativeTarget section */
		D12840581CBE4493003E41D4 /* cacher */ = {
			isa = PBXNativeTarget;
			buildConfigurationList = D12840621CBE4493003E41D4 /* Build configuration list for PBXNativeTarget "cacher" */;
			buildPhases = (
				D12840551CBE4493003E41D4 /* Sources */,
				D12840561CBE4493003E41D4 /* Frameworks */,
				D12840571CBE4493003E41D4 /* CopyFiles */,
				D128407E1CBE45BF003E41D4 /* Headers */,
			);
			buildRules = (
			);
			dependencies = (
			);
			name = cacher;
			productName = cacher;
			productReference = D12840591CBE4493003E41D4 /* libcacher.a */;
			productType = "com.apple.product-type.library.static";
		};
/* End PBXNativeTarget section */

/* Begin PBXProject section */
		D12840511CBE4493003E41D4 /* Project object */ = {
			isa = PBXProject;
			attributes = {
				LastUpgradeCheck = 0730;
				ORGANIZATIONNAME = "FORWAY R&D";
				TargetAttributes = {
					D12840581CBE4493003E41D4 = {
						CreatedOnToolsVersion = 7.3;
					};
				};
			};
			buildConfigurationList = D12840541CBE4493003E41D4 /* Build configuration list for PBXProject "cacher" */;
			compatibilityVersion = "Xcode 3.2";
			developmentRegion = English;
			hasScannedForEncodings = 0;
			knownRegions = (
				en,
			);
			mainGroup = D12840501CBE4493003E41D4;
			productRefGroup = D128405A1CBE4493003E41D4 /* Products */;
			projectDirPath = "";
			projectRoot = "";
			targets = (
				D12840581CBE4493003E41D4 /* cacher */,
			);
		};
/* End PBXProject section */

/* Begin PBXSourcesBuildPhase section */
		D12840551CBE4493003E41D4 /* Sources */ = {
			isa = PBXSourcesBuildPhase;
			buildActionMask = 2147483647;
			files = (
				D128407C1CBE44ED003E41D4 /* iOSEntryCoding.m in Sources */,
				D128407B1CBE44ED003E41D4 /* iOSCacher.m in Sources */,
				D128407A1CBE44ED003E41D4 /* iOSCacheEntry.m in Sources */,
				D128407D1CBE44ED003E41D4 /* iOSEntryObject.m in Sources */,
			);
			runOnlyForDeploymentPostprocessing = 0;
		};
/* End PBXSourcesBuildPhase section */

/* Begin XCBuildConfiguration section */
		D12840601CBE4493003E41D4 /* Debug */ = {
			isa = XCBuildConfiguration;
			buildSettings = {
				ALWAYS_SEARCH_USER_PATHS = NO;
				CLANG_ANALYZER_NONNULL = YES;
				CLANG_CXX_LANGUAGE_STANDARD = "gnu++0x";
				CLANG_CXX_LIBRARY = "libc++";
				CLANG_ENABLE_MODULES = YES;
				CLANG_ENABLE_OBJC_ARC = YES;
				CLANG_WARN_BOOL_CONVERSION = YES;
				CLANG_WARN_CONSTANT_CONVERSION = YES;
				CLANG_WARN_DIRECT_OBJC_ISA_USAGE = YES_ERROR;
				CLANG_WARN_EMPTY_BODY = YES;
				CLANG_WARN_ENUM_CONVERSION = YES;
				CLANG_WARN_INT_CONVERSION = YES;
				CLANG_WARN_OBJC_ROOT_CLASS = YES_ERROR;
				CLANG_WARN_UNREACHABLE_CODE = YES;
				CLANG_WARN__DUPLICATE_METHOD_MATCH = YES;
				"CODE_SIGN_IDENTITY[sdk=iphoneos*]" = "iPhone Developer";
				COPY_PHASE_STRIP = NO;
				DEBUG_INFORMATION_FORMAT = dwarf;
				ENABLE_STRICT_OBJC_MSGSEND = YES;
				ENABLE_TESTABILITY = YES;
				GCC_C_LANGUAGE_STANDARD = gnu99;
				GCC_DYNAMIC_NO_PIC = NO;
				GCC_NO_COMMON_BLOCKS = YES;
				GCC_OPTIMIZATION_LEVEL = 0;
				GCC_PREPROCESSOR_DEFINITIONS = (
					"DEBUG=1",
					"$(inherited)",
				);
				GCC_WARN_64_TO_32_BIT_CONVERSION = YES;
				GCC_WARN_ABOUT_RETURN_TYPE = YES_ERROR;
				GCC_WARN_UNDECLARED_SELECTOR = YES;
				GCC_WARN_UNINITIALIZED_AUTOS = YES_AGGRESSIVE;
				GCC_WARN_UNUSED_FUNCTION = YES;
				GCC_WARN_UNUSED_VARIABLE = YES;
				IPHONEOS_DEPLOYMENT_TARGET = 9.3;
				MTL_ENABLE_DEBUG_INFO = YES;
				ONLY_ACTIVE_ARCH = YES;
				SDKROOT = iphoneos;
			};
			name = Debug;
		};
		D12840611CBE4493003E41D4 /* Release */ = {
			isa = XCBuildConfiguration;
			buildSettings = {
				ALWAYS_SEARCH_USER_PATHS = NO;
				CLANG_ANALYZER_NONNULL = YES;
				CLANG_CXX_LANGUAGE_STANDARD = "gnu++0x";
				CLANG_CXX_LIBRARY = "libc++";
				CLANG_ENABLE_MODULES = YES;
				CLANG_ENABLE_OBJC_ARC = YES;
				CLANG_WARN_BOOL_CONVERSION = YES;
				CLANG_WARN_CONSTANT_CONVERSION = YES;
				CLANG_WARN_DIRECT_OBJC_ISA_USAGE = YES_ERROR;
				CLANG_WARN_EMPTY_BODY = YES;
				CLANG_WARN_ENUM_CONVERSION = YES;
				CLANG_WARN_INT_CONVERSION = YES;
				CLANG_WARN_OBJC_ROOT_CLASS = YES_ERROR;
				CLANG_WARN_UNREACHABLE_CODE = YES;
				CLANG_WARN__DUPLICATE_METHOD_MATCH = YES;
				"CODE_SIGN_IDENTITY[sdk=iphoneos*]" = "iPhone Developer";
				COPY_PHASE_STRIP = NO;
				DEBUG_INFORMATION_FORMAT = "dwarf-with-dsym";
				ENABLE_NS_ASSERTIONS = NO;
				ENABLE_STRICT_OBJC_MSGSEND = YES;
				GCC_C_LANGUAGE_STANDARD = gnu99;
				GCC_NO_COMMON_BLOCKS = YES;
				GCC_WARN_64_TO_32_BIT_CONVERSION = YES;
				GCC_WARN_ABOUT_RETURN_TYPE = YES_ERROR;
				GCC_WARN_UNDECLARED_SELECTOR = YES;
				GCC_WARN_UNINITIALIZED_AUTOS = YES_AGGRESSIVE;
				GCC_WARN_UNUSED_FUNCTION = YES;
				GCC_WARN_UNUSED_VARIABLE = YES;
				IPHONEOS_DEPLOYMENT_TARGET = 9.3;
				MTL_ENABLE_DEBUG_INFO = NO;
				SDKROOT = iphoneos;
				VALIDATE_PRODUCT = YES;
			};
			name = Release;
		};
		D12840631CBE4493003E41D4 /* Debug */ = {
			isa = XCBuildConfiguration;
			buildSettings = {
				OTHER_LDFLAGS = "-ObjC";
				PRODUCT_NAME = "$(TARGET_NAME)";
				SKIP_INSTALL = YES;
			};
			name = Debug;
		};
		D12840641CBE4493003E41D4 /* Release */ = {
			isa = XCBuildConfiguration;
			buildSettings = {
				OTHER_LDFLAGS = "-ObjC";
				PRODUCT_NAME = "$(TARGET_NAME)";
				SKIP_INSTALL = YES;
			};
			name = Release;
		};
/* End XCBuildConfiguration section */

/* Begin XCConfigurationList section */
		D12840541CBE4493003E41D4 /* Build configuration list for PBXProject "cacher" */ = {
			isa = XCConfigurationList;
			buildConfigurations = (
				D12840601CBE4493003E41D4 /* Debug */,
				D12840611CBE4493003E41D4 /* Release */,
			);
			defaultConfigurationIsVisible = 0;
			defaultConfigurationName = Release;
		};
		D12840621CBE4493003E41D4 /* Build configuration list for PBXNativeTarget "cacher" */ = {
			isa = XCConfigurationList;
			buildConfigurations = (
				D12840631CBE4493003E41D4 /* Debug */,
				D12840641CBE4493003E41D4 /* Release */,
			);
			defaultConfigurationIsVisible = 0;
			defaultConfigurationName = Release;
		};
/* End XCConfigurationList section */
	};
	rootObject = D12840511CBE4493003E41D4 /* Project object */;
}
